
Microsoft Visual Studio Solution File, Format Version 12.00
# Visual Studio Version 17
VisualStudioVersion = 17.4.33103.184
MinimumVisualStudioVersion = 10.0.40219.1
Project("{9A19103F-16F7-4668-BE54-9A1E7A4F7556}") = "TheTempleCompanyTasks.Console", "TheTempleCompanyTasks\TheTempleCompanyTasks.Console.csproj", "{79F9FB78-9008-42FC-BF46-C595E58B19F6}"
EndProject
Project("{FAE04EC0-301F-11D3-BF4B-00C04F79EFBC}") = "TheTempleTasks.Web", "TheTempleTasks.Web\TheTempleTasks.Web.csproj", "{5E90CF83-C848-43E4-8B71-5AD4B57D7422}"
EndProject
Global
	GlobalSection(SolutionConfigurationPlatforms) = preSolution
		Debug|Any CPU = Debug|Any CPU
		Release|Any CPU = Release|Any CPU
	EndGlobalSection
	GlobalSection(ProjectConfigurationPlatforms) = postSolution
		{79F9FB78-9008-42FC-BF46-C595E58B19F6}.Debug|Any CPU.ActiveCfg = Debug|Any CPU
		{79F9FB78-9008-42FC-BF46-C595E58B19F6}.Debug|Any CPU.Build.0 = Debug|Any CPU
		{79F9FB78-9008-42FC-BF46-C595E58B19F6}.Release|Any CPU.ActiveCfg = Release|Any CPU
		{79F9FB78-9008-42FC-BF46-C595E58B19F6}.Release|Any CPU.Build.0 = Release|Any CPU
		{5E90CF83-C848-43E4-8B71-5AD4B57D7422}.Debug|Any CPU.ActiveCfg = Debug|Any CPU
		{5E90CF83-C848-43E4-8B71-5AD4B57D7422}.Debug|Any CPU.Build.0 = Debug|Any CPU
		{5E90CF83-C848-43E4-8B71-5AD4B57D7422}.Release|Any CPU.ActiveCfg = Release|Any CPU
		{5E90CF83-C848-43E4-8B71-5AD4B57D7422}.Release|Any CPU.Build.0 = Release|Any CPU
	EndGlobalSection
	GlobalSection(SolutionProperties) = preSolution
		HideSolutionNode = FALSE
	EndGlobalSection
	GlobalSection(ExtensibilityGlobals) = postSolution
		SolutionGuid = {C7080C3C-6BEF-46A5-B82C-39C69DF81E61}
	EndGlobalSection
EndGlobal
